
Microsoft Visual Studio Solution File, Format Version 12.00
# Visual Studio Version 17
VisualStudioVersion = 17.4.33110.190
MinimumVisualStudioVersion = 10.0.40219.1
Project("{FAE04EC0-301F-11D3-BF4B-00C04F79EFBC}") = "Blog.Server", "Blog.Server.csproj", "{23987DAE-D976-434F-B023-C74E77E56B20}"
EndProject
Project("{FAE04EC0-301F-11D3-BF4B-00C04F79EFBC}") = "Blog.Web", "..\Blog.Web\Blog.Web.csproj", "{6F063E59-F1B2-4440-8E38-E097D7A74E4E}"
EndProject
Project("{FAE04EC0-301F-11D3-BF4B-00C04F79EFBC}") = "Blog.Shared", "..\Blog.Shared\Blog.Shared.csproj", "{05A43DF7-9C50-4629-A3BB-5FF8F5E77A14}"
EndProject
Global
	GlobalSection(SolutionConfigurationPlatforms) = preSolution
		Debug|Any CPU = Debug|Any CPU
		Release|Any CPU = Release|Any CPU
	EndGlobalSection
	GlobalSection(ProjectConfigurationPlatforms) = postSolution
		{23987DAE-D976-434F-B023-C74E77E56B20}.Debug|Any CPU.ActiveCfg = Debug|Any CPU
		{23987DAE-D976-434F-B023-C74E77E56B20}.Debug|Any CPU.Build.0 = Debug|Any CPU
		{23987DAE-D976-434F-B023-C74E77E56B20}.Release|Any CPU.ActiveCfg = Release|Any CPU
		{23987DAE-D976-434F-B023-C74E77E56B20}.Release|Any CPU.Build.0 = Release|Any CPU
		{6F063E59-F1B2-4440-8E38-E097D7A74E4E}.Debug|Any CPU.ActiveCfg = Debug|Any CPU
		{6F063E59-F1B2-4440-8E38-E097D7A74E4E}.Debug|Any CPU.Build.0 = Debug|Any CPU
		{6F063E59-F1B2-4440-8E38-E097D7A74E4E}.Release|Any CPU.ActiveCfg = Release|Any CPU
		{6F063E59-F1B2-4440-8E38-E097D7A74E4E}.Release|Any CPU.Build.0 = Release|Any CPU
		{05A43DF7-9C50-4629-A3BB-5FF8F5E77A14}.Debug|Any CPU.ActiveCfg = Debug|Any CPU
		{05A43DF7-9C50-4629-A3BB-5FF8F5E77A14}.Debug|Any CPU.Build.0 = Debug|Any CPU
		{05A43DF7-9C50-4629-A3BB-5FF8F5E77A14}.Release|Any CPU.ActiveCfg = Release|Any CPU
		{05A43DF7-9C50-4629-A3BB-5FF8F5E77A14}.Release|Any CPU.Build.0 = Release|Any CPU
	EndGlobalSection
	GlobalSection(SolutionProperties) = preSolution
		HideSolutionNode = FALSE
	EndGlobalSection
	GlobalSection(ExtensibilityGlobals) = postSolution
		SolutionGuid = {15965D57-0765-42E2-B803-D7E2DEAA2CDC}
	EndGlobalSection
EndGlobal
